
Microsoft Visual Studio Solution File, Format Version 12.00
# Visual Studio 14
VisualStudioVersion = 14.0.24606.1
MinimumVisualStudioVersion = 10.0.40219.1
Project("{FAE04EC0-301F-11D3-BF4B-00C04F79EFBC}") = "StudentSystem.ConsoleClient", "StudentSystem.ConsoleClient\StudentSystem.ConsoleClient.csproj", "{87553CDB-71D0-4F6C-B306-A4D18E1E88C7}"
EndProject
Project("{FAE04EC0-301F-11D3-BF4B-00C04F79EFBC}") = "StudentSystem.Models", "StudentSystem.Models\StudentSystem.Models.csproj", "{E6A0B650-91C9-4CB2-A98F-B31508F62389}"
EndProject
Project("{FAE04EC0-301F-11D3-BF4B-00C04F79EFBC}") = "StudentSystem.Data", "StudentSystem.Data\StudentSystem.Data.csproj", "{F445E206-0631-454A-9B8B-EFAF6D34C13E}"
EndProject
Global
	GlobalSection(SolutionConfigurationPlatforms) = preSolution
		Debug|Any CPU = Debug|Any CPU
		Release|Any CPU = Release|Any CPU
	EndGlobalSection
	GlobalSection(ProjectConfigurationPlatforms) = postSolution
		{87553CDB-71D0-4F6C-B306-A4D18E1E88C7}.Debug|Any CPU.ActiveCfg = Debug|Any CPU
		{87553CDB-71D0-4F6C-B306-A4D18E1E88C7}.Debug|Any CPU.Build.0 = Debug|Any CPU
		{87553CDB-71D0-4F6C-B306-A4D18E1E88C7}.Release|Any CPU.ActiveCfg = Release|Any CPU
		{87553CDB-71D0-4F6C-B306-A4D18E1E88C7}.Release|Any CPU.Build.0 = Release|Any CPU
		{E6A0B650-91C9-4CB2-A98F-B31508F62389}.Debug|Any CPU.ActiveCfg = Debug|Any CPU
		{E6A0B650-91C9-4CB2-A98F-B31508F62389}.Debug|Any CPU.Build.0 = Debug|Any CPU
		{E6A0B650-91C9-4CB2-A98F-B31508F62389}.Release|Any CPU.ActiveCfg = Release|Any CPU
		{E6A0B650-91C9-4CB2-A98F-B31508F62389}.Release|Any CPU.Build.0 = Release|Any CPU
		{F445E206-0631-454A-9B8B-EFAF6D34C13E}.Debug|Any CPU.ActiveCfg = Debug|Any CPU
		{F445E206-0631-454A-9B8B-EFAF6D34C13E}.Debug|Any CPU.Build.0 = Debug|Any CPU
		{F445E206-0631-454A-9B8B-EFAF6D34C13E}.Release|Any CPU.ActiveCfg = Release|Any CPU
		{F445E206-0631-454A-9B8B-EFAF6D34C13E}.Release|Any CPU.Build.0 = Release|Any CPU
	EndGlobalSection
	GlobalSection(SolutionProperties) = preSolution
		HideSolutionNode = FALSE
	EndGlobalSection
EndGlobal
